github.com/jun06t/A v1.2.0 h1:50mcsjkdbhoj86uPGHRu/2M/0TDB8LlH0foxNy+tCIQ=
github.com/jun06t/A v1.2.0/go.mod h1:BHm9hzYujZrZdxy6PANVXJBLmkWpNcgq+Pi84mom6wQ=
github.com/jun06t/B v1.2.0 h1:bt3zBB4jgisEsaGddi8mZiew694GFJZdsP8fDwxkoqo=
github.com/jun06t/B v1.2.0/go.mod h1:BV07zC2tirSuXxmvBiSVVAX8SLk+N3K69VeaNbAdW1Y=
github.com/jun06t/C v1.4.0 h1:X9/CHhmQ25ZnBAi7GElNMVF40PP9eqop4sxjgHpRsrM=
github.com/jun06t/C v1.4.0/go.mod h1:SVISDXI8um9jvLiLsdX8TTP6g5TLJbIikMW2Z1zSw3w=
github.com/jun06t/D v1.2.0 h1:Isso3Zc0HM28+euBvZsD/jpySRYI5pYenxcItF9Z/xA=
github.com/jun06t/D v1.2.0/go.mod h1:SOyfgQlvvN+nrSXDkHa9wLQZGkDWYOtuwS7PwHC2z6w=
